{
  "originHash" : "b7f26106e189711f59d15bb82f6715a7cf602a746bcd756802e7e04243ec55a1",
  "pins" : [
    {
      "identity" : "grdb.swift",
      "kind" : "remoteSourceControl",
      "location" : "https://github.com/groue/GRDB.swift.git",
      "state" : {
        "revision" : "36e30a6f1ef10e4194f6af0cff90888526f0c115",
        "version" : "7.10.0"
      }
    },
    {
      "identity" : "livevalidate",
      "kind" : "remoteSourceControl",
      "location" : "https://github.com/PALHASSAN/LiveValidate.git",
      "state" : {
        "revision" : "6489ca74068911083b6f1e135b4b0c2b065cd70f",
        "version" : "0.2.4"
      }
    },
    {
      "identity" : "swift-syntax",
      "kind" : "remoteSourceControl",
      "location" : "https://github.com/swiftlang/swift-syntax.git",
      "state" : {
        "revision" : "4799286537280063c85a32f09884cfbca301b1a1",
        "version" : "602.0.0"
      }
    }
  ],
  "version" : 3
}
