{
  "originHash" : "eef020439e2872c182cacf893b015deddfaed468bab05f2ae3cc0272fb98085e",
  "pins" : [
    {
      "identity" : "grdb.swift",
      "kind" : "remoteSourceControl",
      "location" : "https://github.com/groue/GRDB.swift.git",
      "state" : {
        "revision" : "2cf6c756e1e5ef6901ebae16576a7e4e4b834622",
        "version" : "6.29.3"
      }
    },
    {
      "identity" : "livevalidate",
      "kind" : "remoteSourceControl",
      "location" : "https://github.com/PALHASSAN/LiveValidate.git",
      "state" : {
        "revision" : "21309e8a8ea53e04533f6450c3efae244cd07201",
        "version" : "0.2.3"
      }
    },
    {
      "identity" : "swift-syntax",
      "kind" : "remoteSourceControl",
      "location" : "https://github.com/swiftlang/swift-syntax.git",
      "state" : {
        "revision" : "4799286537280063c85a32f09884cfbca301b1a1",
        "version" : "602.0.0"
      }
    }
  ],
  "version" : 3
}
