{
  "originHash" : "a67f4c4b5c0d522a429c980b7043b401f9fac5b2f25c2829d58066ad7ff7a984",
  "pins" : [
    {
      "identity" : "livevalidate",
      "kind" : "remoteSourceControl",
      "location" : "https://github.com/PALHASSAN/LiveValidate.git",
      "state" : {
        "revision" : "6489ca74068911083b6f1e135b4b0c2b065cd70f",
        "version" : "0.2.4"
      }
    },
    {
      "identity" : "swift-syntax",
      "kind" : "remoteSourceControl",
      "location" : "https://github.com/swiftlang/swift-syntax.git",
      "state" : {
        "revision" : "4799286537280063c85a32f09884cfbca301b1a1",
        "version" : "602.0.0"
      }
    }
  ],
  "version" : 3
}
